
Microsoft Visual Studio Solution File, Format Version 12.00
# Visual Studio 15
VisualStudioVersion = 15.0.27703.2035
MinimumVisualStudioVersion = 10.0.40219.1
Project("{FAE04EC0-301F-11D3-BF4B-00C04F79EFBC}") = "ASP", "WebApplication1\ASP.csproj", "{1663403D-499D-42A8-AD96-2627C86650EA}"
EndProject
Project("{FAE04EC0-301F-11D3-BF4B-00C04F79EFBC}") = "RabbitMQ", "RabbitMQ\RabbitMQ.csproj", "{3C3C916C-31C2-4FA5-A1AA-DFD73C4E9E8E}"
EndProject
Project("{FAE04EC0-301F-11D3-BF4B-00C04F79EFBC}") = "Messages", "Messages\Messages.csproj", "{A9509310-70EF-4480-98EE-9A126DB1CC76}"
EndProject
Global
	GlobalSection(SolutionConfigurationPlatforms) = preSolution
		Debug|Any CPU = Debug|Any CPU
		Release|Any CPU = Release|Any CPU
	EndGlobalSection
	GlobalSection(ProjectConfigurationPlatforms) = postSolution
		{1663403D-499D-42A8-AD96-2627C86650EA}.Debug|Any CPU.ActiveCfg = Debug|Any CPU
		{1663403D-499D-42A8-AD96-2627C86650EA}.Debug|Any CPU.Build.0 = Debug|Any CPU
		{1663403D-499D-42A8-AD96-2627C86650EA}.Release|Any CPU.ActiveCfg = Release|Any CPU
		{1663403D-499D-42A8-AD96-2627C86650EA}.Release|Any CPU.Build.0 = Release|Any CPU
		{3C3C916C-31C2-4FA5-A1AA-DFD73C4E9E8E}.Debug|Any CPU.ActiveCfg = Debug|Any CPU
		{3C3C916C-31C2-4FA5-A1AA-DFD73C4E9E8E}.Debug|Any CPU.Build.0 = Debug|Any CPU
		{3C3C916C-31C2-4FA5-A1AA-DFD73C4E9E8E}.Release|Any CPU.ActiveCfg = Release|Any CPU
		{3C3C916C-31C2-4FA5-A1AA-DFD73C4E9E8E}.Release|Any CPU.Build.0 = Release|Any CPU
		{A9509310-70EF-4480-98EE-9A126DB1CC76}.Debug|Any CPU.ActiveCfg = Debug|Any CPU
		{A9509310-70EF-4480-98EE-9A126DB1CC76}.Debug|Any CPU.Build.0 = Debug|Any CPU
		{A9509310-70EF-4480-98EE-9A126DB1CC76}.Release|Any CPU.ActiveCfg = Release|Any CPU
		{A9509310-70EF-4480-98EE-9A126DB1CC76}.Release|Any CPU.Build.0 = Release|Any CPU
	EndGlobalSection
	GlobalSection(SolutionProperties) = preSolution
		HideSolutionNode = FALSE
	EndGlobalSection
	GlobalSection(ExtensibilityGlobals) = postSolution
		SolutionGuid = {7CD5F4B3-5BA6-4710-A1FD-87DE2664790E}
	EndGlobalSection
EndGlobal
